
Microsoft Visual Studio Solution File, Format Version 12.00
# Visual Studio Version 17
VisualStudioVersion = 17.0.32014.148
MinimumVisualStudioVersion = 10.0.40219.1
Project("{FAE04EC0-301F-11D3-BF4B-00C04F79EFBC}") = "TinyWebApp", "TinyWebApp\TinyWebApp.csproj", "{A3D07730-5AEC-4A07-98AF-5C932BADD329}"
EndProject
Project("{FAE04EC0-301F-11D3-BF4B-00C04F79EFBC}") = "Utility.TinyWebApp", "Utility.TinyWebApp\Utility.TinyWebApp.proj", "{72731699-9885-4A09-A180-87494677192D}"
EndProject
Global
	GlobalSection(SolutionConfigurationPlatforms) = preSolution
		Debug|Any CPU = Debug|Any CPU
		Release|Any CPU = Release|Any CPU
	EndGlobalSection
	GlobalSection(ProjectConfigurationPlatforms) = postSolution
		{A3D07730-5AEC-4A07-98AF-5C932BADD329}.Debug|Any CPU.ActiveCfg = Debug|Any CPU
		{A3D07730-5AEC-4A07-98AF-5C932BADD329}.Debug|Any CPU.Build.0 = Debug|Any CPU
		{A3D07730-5AEC-4A07-98AF-5C932BADD329}.Release|Any CPU.ActiveCfg = Release|Any CPU
		{A3D07730-5AEC-4A07-98AF-5C932BADD329}.Release|Any CPU.Build.0 = Release|Any CPU
		{72731699-9885-4A09-A180-87494677192D}.Debug|Any CPU.ActiveCfg = Debug|Any CPU
		{72731699-9885-4A09-A180-87494677192D}.Debug|Any CPU.Build.0 = Debug|Any CPU
		{72731699-9885-4A09-A180-87494677192D}.Release|Any CPU.ActiveCfg = Release|Any CPU
		{72731699-9885-4A09-A180-87494677192D}.Release|Any CPU.Build.0 = Release|Any CPU
	EndGlobalSection
	GlobalSection(SolutionProperties) = preSolution
		HideSolutionNode = FALSE
	EndGlobalSection
	GlobalSection(ExtensibilityGlobals) = postSolution
		SolutionGuid = {AAED32B9-8739-4AE7-B747-9511E31839CD}
	EndGlobalSection
EndGlobal
